# THIS IS AN AUTOGENERATED FILE. DO NOT EDIT THIS FILE DIRECTLY.
# yarn lockfile v1


"@jest/types@^24.9.0":
  version "24.9.0"
  resolved "https://registry.yarnpkg.com/@jest/types/-/types-24.9.0.tgz#63cb26cb7500d069e5a389441a7c6ab5e909fc59"
  integrity sha512-XKK7ze1apu5JWQ5eZjHITP66AX+QsLlbaJRBGYr8pNzwcAE2JVkwnf0yqjHTsDRcjR0mujy/NmZMXw5kl+kGBw==
  dependencies:
    "@types/istanbul-lib-coverage" "^2.0.0"
    "@types/istanbul-reports" "^1.1.1"
    "@types/yargs" "^13.0.0"

"@types/istanbul-lib-coverage@*", "@types/istanbul-lib-coverage@^2.0.0":
  version "2.0.1"
  resolved "https://registry.yarnpkg.com/@types/istanbul-lib-coverage/-/istanbul-lib-coverage-2.0.1.tgz#42995b446db9a48a11a07ec083499a860e9138ff"
  integrity sha512-hRJD2ahnnpLgsj6KWMYSrmXkM3rm2Dl1qkx6IOFD5FnuNPXJIG5L0dhgKXCYTRMGzU4n0wImQ/xfmRc4POUFlg==

"@types/istanbul-lib-report@*":
  version "1.1.1"
  resolved "https://registry.yarnpkg.com/@types/istanbul-lib-report/-/istanbul-lib-report-1.1.1.tgz#e5471e7fa33c61358dd38426189c037a58433b8c"
  integrity sha512-3BUTyMzbZa2DtDI2BkERNC6jJw2Mr2Y0oGI7mRxYNBPxppbtEK1F66u3bKwU2g+wxwWI7PAoRpJnOY1grJqzHg==
  dependencies:
    "@types/istanbul-lib-coverage" "*"

"@types/istanbul-reports@^1.1.1":
  version "1.1.1"
  resolved "https://registry.yarnpkg.com/@types/istanbul-reports/-/istanbul-reports-1.1.1.tgz#7a8cbf6a406f36c8add871625b278eaf0b0d255a"
  integrity sha512-UpYjBi8xefVChsCoBpKShdxTllC9pwISirfoZsUa2AAdQg/Jd2KQGtSbw+ya7GPo7x/wAPlH6JBhKhAsXUEZNA==
  dependencies:
    "@types/istanbul-lib-coverage" "*"
    "@types/istanbul-lib-report" "*"

"@types/jest@^24.0.25":
  version "24.0.25"
  resolved "https://registry.yarnpkg.com/@types/jest/-/jest-24.0.25.tgz#2aba377824ce040114aa906ad2cac2c85351360f"
  integrity sha512-hnP1WpjN4KbGEK4dLayul6lgtys6FPz0UfxMeMQCv0M+sTnzN3ConfiO72jHgLxl119guHgI8gLqDOrRLsyp2g==
  dependencies:
    jest-diff "^24.3.0"

"@types/node@^13.1.4":
  version "13.1.4"
  resolved "https://registry.yarnpkg.com/@types/node/-/node-13.1.4.tgz#4cfd90175a200ee9b02bd6b1cd19bc349741607e"
  integrity sha512-Lue/mlp2egZJoHXZr4LndxDAd7i/7SQYhV0EjWfb/a4/OZ6tuVwMCVPiwkU5nsEipxEf7hmkSU7Em5VQ8P5NGA==

"@types/yargs-parser@*":
  version "13.1.0"
  resolved "https://registry.yarnpkg.com/@types/yargs-parser/-/yargs-parser-13.1.0.tgz#c563aa192f39350a1d18da36c5a8da382bbd8228"
  integrity sha512-gCubfBUZ6KxzoibJ+SCUc/57Ms1jz5NjHe4+dI2krNmU5zCPAphyLJYyTOg06ueIyfj+SaCUqmzun7ImlxDcKg==

"@types/yargs@^13.0.0":
  version "13.0.4"
  resolved "https://registry.yarnpkg.com/@types/yargs/-/yargs-13.0.4.tgz#53d231cebe1a540e7e13727fc1f0d13ad4a9ba3b"
  integrity sha512-Ke1WmBbIkVM8bpvsNEcGgQM70XcEh/nbpxQhW7FhrsbCsXSY9BmLB1+LHtD7r9zrsOcFlLiF+a/UeJsdfw3C5A==
  dependencies:
    "@types/yargs-parser" "*"

ansi-regex@^4.0.0:
  version "4.1.0"
  resolved "https://registry.yarnpkg.com/ansi-regex/-/ansi-regex-4.1.0.tgz#8b9f8f08cf1acb843756a839ca8c7e3168c51997"
  integrity sha512-1apePfXM1UOSqw0o9IiFAovVz9M5S1Dg+4TrDwfMewQ6p/rmMueb7tWZjQ1rx4Loy1ArBggoqGpfqqdI4rondg==

ansi-styles@^3.1.0:
  version "3.2.0"
  resolved "https://registry.yarnpkg.com/ansi-styles/-/ansi-styles-3.2.0.tgz#c159b8d5be0f9e5a6f346dab94f16ce022161b88"
  dependencies:
    color-convert "^1.9.0"

ansi-styles@^3.2.0:
  version "3.2.1"
  resolved "https://registry.yarnpkg.com/ansi-styles/-/ansi-styles-3.2.1.tgz#41fbb20243e50b12be0f04b8dedbf07520ce841d"
  integrity sha512-VT0ZI6kZRdTh8YyJw3SMbYm/u+NqfsAxEpWO0Pf9sq8/e94WxxOpPKx9FR1FlyCtOVDNOQ+8ntlqFxiRc+r5qA==
  dependencies:
    color-convert "^1.9.0"

chalk@^2.0.1:
  version "2.1.0"
  resolved "https://registry.yarnpkg.com/chalk/-/chalk-2.1.0.tgz#ac5becf14fa21b99c6c92ca7a7d7cfd5b17e743e"
  dependencies:
    ansi-styles "^3.1.0"
    escape-string-regexp "^1.0.5"
    supports-color "^4.0.0"

color-convert@^1.9.0:
  version "1.9.0"
  resolved "https://registry.yarnpkg.com/color-convert/-/color-convert-1.9.0.tgz#1accf97dd739b983bf994d56fec8f95853641b7a"
  dependencies:
    color-name "^1.1.1"

color-name@^1.1.1:
  version "1.1.3"
  resolved "https://registry.yarnpkg.com/color-name/-/color-name-1.1.3.tgz#a7d0558bd89c42f795dd42328f740831ca53bc25"

diff-sequences@^24.9.0:
  version "24.9.0"
  resolved "https://registry.yarnpkg.com/diff-sequences/-/diff-sequences-24.9.0.tgz#5715d6244e2aa65f48bba0bc972db0b0b11e95b5"
  integrity sha512-Dj6Wk3tWyTE+Fo1rW8v0Xhwk80um6yFYKbuAxc9c3EZxIHFDYwbi34Uk42u1CdnIiVorvt4RmlSDjIPyzGC2ew==

escape-string-regexp@^1.0.5:
  version "1.0.5"
  resolved "https://registry.yarnpkg.com/escape-string-regexp/-/escape-string-regexp-1.0.5.tgz#1b61c0562190a8dff6ae3bb2cf0200ca130b86d4"

has-flag@^2.0.0:
  version "2.0.0"
  resolved "https://registry.yarnpkg.com/has-flag/-/has-flag-2.0.0.tgz#e8207af1cc7b30d446cc70b734b5e8be18f88d51"

jest-diff@^24.3.0:
  version "24.9.0"
  resolved "https://registry.yarnpkg.com/jest-diff/-/jest-diff-24.9.0.tgz#931b7d0d5778a1baf7452cb816e325e3724055da"
  integrity sha512-qMfrTs8AdJE2iqrTp0hzh7kTd2PQWrsFyj9tORoKmu32xjPjeE4NyjVRDz8ybYwqS2ik8N4hsIpiVTyFeo2lBQ==
  dependencies:
    chalk "^2.0.1"
    diff-sequences "^24.9.0"
    jest-get-type "^24.9.0"
    pretty-format "^24.9.0"

jest-get-type@^24.9.0:
  version "24.9.0"
  resolved "https://registry.yarnpkg.com/jest-get-type/-/jest-get-type-24.9.0.tgz#1684a0c8a50f2e4901b6644ae861f579eed2ef0e"
  integrity sha512-lUseMzAley4LhIcpSP9Jf+fTrQ4a1yHQwLNeeVa2cEmbCGeoZAtYPOIv8JaxLD/sUpKxetKGP+gsHl8f8TSj8Q==

pretty-format@^24.9.0:
  version "24.9.0"
  resolved "https://registry.yarnpkg.com/pretty-format/-/pretty-format-24.9.0.tgz#12fac31b37019a4eea3c11aa9a959eb7628aa7c9"
  integrity sha512-00ZMZUiHaJrNfk33guavqgvfJS30sLYf0f8+Srklv0AMPodGGHcoHgksZ3OThYnIvOd+8yMCn0YiEOogjlgsnA==
  dependencies:
    "@jest/types" "^24.9.0"
    ansi-regex "^4.0.0"
    ansi-styles "^3.2.0"
    react-is "^16.8.4"

react-is@^16.8.4:
  version "16.12.0"
  resolved "https://registry.yarnpkg.com/react-is/-/react-is-16.12.0.tgz#2cc0fe0fba742d97fd527c42a13bec4eeb06241c"
  integrity sha512-rPCkf/mWBtKc97aLL9/txD8DZdemK0vkA3JMLShjlJB3Pj3s+lpf1KaBzMfQrAmhMQB0n1cU/SUGgKKBCe837Q==

supports-color@^4.0.0:
  version "4.4.0"
  resolved "https://registry.yarnpkg.com/supports-color/-/supports-color-4.4.0.tgz#883f7ddabc165142b2a61427f3352ded195d1a3e"
  dependencies:
    has-flag "^2.0.0"

typescript@^3.7.4:
  version "3.7.4"
  resolved "https://registry.yarnpkg.com/typescript/-/typescript-3.7.4.tgz#1743a5ec5fef6a1fa9f3e4708e33c81c73876c19"
  integrity sha512-A25xv5XCtarLwXpcDNZzCGvW2D1S3/bACratYBx2sax8PefsFhlYmkQicKHvpYflFS8if4zne5zT5kpJ7pzuvw==
